
Microsoft Visual Studio Solution File, Format Version 12.00
# Visual Studio Version 17
VisualStudioVersion = 17.9.34616.47
MinimumVisualStudioVersion = 10.0.40219.1
Project("{FAE04EC0-301F-11D3-BF4B-00C04F79EFBC}") = "Timesheet.API", "Timesheet.API\Timesheet.API.csproj", "{77DEEAAC-792F-46B4-855C-8274B58D76ED}"
EndProject
Project("{FAE04EC0-301F-11D3-BF4B-00C04F79EFBC}") = "Timesheet.DAL", "Timesheet.DAL\Timesheet.DAL.csproj", "{509C53C6-8223-4AC7-91FA-5F490E038BEA}"
EndProject
Project("{FAE04EC0-301F-11D3-BF4B-00C04F79EFBC}") = "Timesheet.Models", "Timesheet.Models\Timesheet.Models.csproj", "{C7447FB7-C7FB-4A62-9BA1-DB1BB9EA36AA}"
EndProject
Project("{FAE04EC0-301F-11D3-BF4B-00C04F79EFBC}") = "Timesheet.Repository", "Timesheet.Repository\Timesheet.Repository.csproj", "{48441224-5DD0-4407-9E48-E098E16BA66C}"
EndProject
Project("{FAE04EC0-301F-11D3-BF4B-00C04F79EFBC}") = "Timesheet.UtilityLibrary", "Timesheet.UtilityLibrary\Timesheet.UtilityLibrary.csproj", "{5CBB79B2-2D9A-43FB-9642-5EBD0C11285C}"
EndProject
Global
	GlobalSection(SolutionConfigurationPlatforms) = preSolution
		Debug|Any CPU = Debug|Any CPU
		Release|Any CPU = Release|Any CPU
	EndGlobalSection
	GlobalSection(ProjectConfigurationPlatforms) = postSolution
		{77DEEAAC-792F-46B4-855C-8274B58D76ED}.Debug|Any CPU.ActiveCfg = Debug|Any CPU
		{77DEEAAC-792F-46B4-855C-8274B58D76ED}.Debug|Any CPU.Build.0 = Debug|Any CPU
		{77DEEAAC-792F-46B4-855C-8274B58D76ED}.Release|Any CPU.ActiveCfg = Release|Any CPU
		{77DEEAAC-792F-46B4-855C-8274B58D76ED}.Release|Any CPU.Build.0 = Release|Any CPU
		{509C53C6-8223-4AC7-91FA-5F490E038BEA}.Debug|Any CPU.ActiveCfg = Debug|Any CPU
		{509C53C6-8223-4AC7-91FA-5F490E038BEA}.Debug|Any CPU.Build.0 = Debug|Any CPU
		{509C53C6-8223-4AC7-91FA-5F490E038BEA}.Release|Any CPU.ActiveCfg = Release|Any CPU
		{509C53C6-8223-4AC7-91FA-5F490E038BEA}.Release|Any CPU.Build.0 = Release|Any CPU
		{C7447FB7-C7FB-4A62-9BA1-DB1BB9EA36AA}.Debug|Any CPU.ActiveCfg = Debug|Any CPU
		{C7447FB7-C7FB-4A62-9BA1-DB1BB9EA36AA}.Debug|Any CPU.Build.0 = Debug|Any CPU
		{C7447FB7-C7FB-4A62-9BA1-DB1BB9EA36AA}.Release|Any CPU.ActiveCfg = Release|Any CPU
		{C7447FB7-C7FB-4A62-9BA1-DB1BB9EA36AA}.Release|Any CPU.Build.0 = Release|Any CPU
		{48441224-5DD0-4407-9E48-E098E16BA66C}.Debug|Any CPU.ActiveCfg = Debug|Any CPU
		{48441224-5DD0-4407-9E48-E098E16BA66C}.Debug|Any CPU.Build.0 = Debug|Any CPU
		{48441224-5DD0-4407-9E48-E098E16BA66C}.Release|Any CPU.ActiveCfg = Release|Any CPU
		{48441224-5DD0-4407-9E48-E098E16BA66C}.Release|Any CPU.Build.0 = Release|Any CPU
		{5CBB79B2-2D9A-43FB-9642-5EBD0C11285C}.Debug|Any CPU.ActiveCfg = Debug|Any CPU
		{5CBB79B2-2D9A-43FB-9642-5EBD0C11285C}.Debug|Any CPU.Build.0 = Debug|Any CPU
		{5CBB79B2-2D9A-43FB-9642-5EBD0C11285C}.Release|Any CPU.ActiveCfg = Release|Any CPU
		{5CBB79B2-2D9A-43FB-9642-5EBD0C11285C}.Release|Any CPU.Build.0 = Release|Any CPU
	EndGlobalSection
	GlobalSection(SolutionProperties) = preSolution
		HideSolutionNode = FALSE
	EndGlobalSection
	GlobalSection(ExtensibilityGlobals) = postSolution
		SolutionGuid = {3B63B348-7F45-4BB4-ACA6-F119B4B844FE}
	EndGlobalSection
EndGlobal
